
Microsoft Visual Studio Solution File, Format Version 12.00
# Visual Studio Version 17
VisualStudioVersion = 17.8.34408.163
MinimumVisualStudioVersion = 10.0.40219.1
Project("{FAE04EC0-301F-11D3-BF4B-00C04F79EFBC}") = "CapstoneWebAPi", "CapstoneWebAPi.csproj", "{31370345-DCAD-4684-B9A5-69FBD4A32239}"
EndProject
Global
	GlobalSection(SolutionConfigurationPlatforms) = preSolution
		Debug|Any CPU = Debug|Any CPU
		Release|Any CPU = Release|Any CPU
	EndGlobalSection
	GlobalSection(ProjectConfigurationPlatforms) = postSolution
		{31370345-DCAD-4684-B9A5-69FBD4A32239}.Debug|Any CPU.ActiveCfg = Debug|Any CPU
		{31370345-DCAD-4684-B9A5-69FBD4A32239}.Debug|Any CPU.Build.0 = Debug|Any CPU
		{31370345-DCAD-4684-B9A5-69FBD4A32239}.Release|Any CPU.ActiveCfg = Release|Any CPU
		{31370345-DCAD-4684-B9A5-69FBD4A32239}.Release|Any CPU.Build.0 = Release|Any CPU
	EndGlobalSection
	GlobalSection(SolutionProperties) = preSolution
		HideSolutionNode = FALSE
	EndGlobalSection
	GlobalSection(ExtensibilityGlobals) = postSolution
		SolutionGuid = {1EF4653B-4FB3-45E7-A91F-BD1B20D2E1DB}
	EndGlobalSection
EndGlobal
