
Microsoft Visual Studio Solution File, Format Version 12.00
# Visual Studio Version 17
VisualStudioVersion = 17.8.34408.163
MinimumVisualStudioVersion = 10.0.40219.1
Project("{9A19103F-16F7-4668-BE54-9A1E7A4F7556}") = "WebApp.Server", "WebApp.Server\WebApp.Server.csproj", "{2D357D1E-4FA0-43A0-86C9-6D502C2D5249}"
EndProject
Project("{54A90642-561A-4BB1-A94E-469ADEE60C69}") = "webapp.client", "webapp.client\webapp.client.esproj", "{6434514E-4B05-4978-A2A6-D7A9A1DCBEED}"
EndProject
Project("{FAE04EC0-301F-11D3-BF4B-00C04F79EFBC}") = "CapstoneTests", "CapstoneTests\CapstoneTests.csproj", "{52624868-3AEA-404B-B8D4-3FF9F10399BB}"
EndProject
Global
	GlobalSection(SolutionConfigurationPlatforms) = preSolution
		Debug|Any CPU = Debug|Any CPU
		Release|Any CPU = Release|Any CPU
	EndGlobalSection
	GlobalSection(ProjectConfigurationPlatforms) = postSolution
		{2D357D1E-4FA0-43A0-86C9-6D502C2D5249}.Debug|Any CPU.ActiveCfg = Debug|Any CPU
		{2D357D1E-4FA0-43A0-86C9-6D502C2D5249}.Debug|Any CPU.Build.0 = Debug|Any CPU
		{2D357D1E-4FA0-43A0-86C9-6D502C2D5249}.Release|Any CPU.ActiveCfg = Release|Any CPU
		{2D357D1E-4FA0-43A0-86C9-6D502C2D5249}.Release|Any CPU.Build.0 = Release|Any CPU
		{6434514E-4B05-4978-A2A6-D7A9A1DCBEED}.Debug|Any CPU.ActiveCfg = Debug|Any CPU
		{6434514E-4B05-4978-A2A6-D7A9A1DCBEED}.Debug|Any CPU.Build.0 = Debug|Any CPU
		{6434514E-4B05-4978-A2A6-D7A9A1DCBEED}.Debug|Any CPU.Deploy.0 = Debug|Any CPU
		{6434514E-4B05-4978-A2A6-D7A9A1DCBEED}.Release|Any CPU.ActiveCfg = Release|Any CPU
		{6434514E-4B05-4978-A2A6-D7A9A1DCBEED}.Release|Any CPU.Build.0 = Release|Any CPU
		{6434514E-4B05-4978-A2A6-D7A9A1DCBEED}.Release|Any CPU.Deploy.0 = Release|Any CPU
		{52624868-3AEA-404B-B8D4-3FF9F10399BB}.Debug|Any CPU.ActiveCfg = Debug|Any CPU
		{52624868-3AEA-404B-B8D4-3FF9F10399BB}.Debug|Any CPU.Build.0 = Debug|Any CPU
		{52624868-3AEA-404B-B8D4-3FF9F10399BB}.Release|Any CPU.ActiveCfg = Release|Any CPU
		{52624868-3AEA-404B-B8D4-3FF9F10399BB}.Release|Any CPU.Build.0 = Release|Any CPU
	EndGlobalSection
	GlobalSection(SolutionProperties) = preSolution
		HideSolutionNode = FALSE
	EndGlobalSection
	GlobalSection(ExtensibilityGlobals) = postSolution
		SolutionGuid = {7DDB5052-2DE9-4238-8926-450D04C79299}
	EndGlobalSection
EndGlobal
